{
  "requires": true,
  "lockfileVersion": 1,
  "dependencies": {
    "@types/backbone": {
      "version": "1.4.11",
      "resolved": "https://registry.npmjs.org/@types/backbone/-/backbone-1.4.11.tgz",
      "integrity": "sha512-fBQbiU0BkMb+w6VIC/6wmYglFl7RSViB2LqK10wdIO40tYNw30G4m34FfLta6gpBGqSSCe8iVS77yLGO1kIkAg==",
      "dev": true,
      "requires": {
        "@types/jquery": "*",
        "@types/underscore": "*"
      }
    },
    "@types/jquery": {
      "version": "3.5.5",
      "resolved": "https://registry.npmjs.org/@types/jquery/-/jquery-3.5.5.tgz",
      "integrity": "sha512-6RXU9Xzpc6vxNrS6FPPapN1SxSHgQ336WC6Jj/N8q30OiaBZ00l1GBgeP7usjVZPivSkGUfL1z/WW6TX989M+w==",
      "dev": true,
      "requires": {
        "@types/sizzle": "*"
      }
    },
    "@types/mustache": {
      "version": "4.1.1",
      "resolved": "https://registry.npmjs.org/@types/mustache/-/mustache-4.1.1.tgz",
      "integrity": "sha512-Sm0NWeLhS2QL7NNGsXvO+Fgp7e3JLHCO6RS3RCnfjAnkw6Y1bsji/AGfISdQZDIR/AeOyzkrxRk9jBkl55zdJw==",
      "dev": true
    },
    "@types/sizzle": {
      "version": "2.3.2",
      "resolved": "https://registry.npmjs.org/@types/sizzle/-/sizzle-2.3.2.tgz",
      "integrity": "sha512-7EJYyKTL7tFR8+gDbB6Wwz/arpGa0Mywk1TJbNzKzHtzbwVmY4HR9WqS5VV7dsBUKQmPNr192jHr/VpBluj/hg==",
      "dev": true
    },
    "@types/underscore": {
      "version": "1.11.3",
      "resolved": "https://registry.npmjs.org/@types/underscore/-/underscore-1.11.3.tgz",
      "integrity": "sha512-Fl1TX1dapfXyDqFg2ic9M+vlXRktcPJrc4PR7sRc7sdVrjavg/JHlbUXBt8qWWqhJrmSqg3RNAkAPRiOYw6Ahw==",
      "dev": true
    }
  }
}
