{
  "name": "scatter.fm",
  "lockfileVersion": 3,
  "requires": true,
  "packages": {
    "": {
      "license": "MIT",
      "devDependencies": {
        "@types/backbone": "^1.4.16",
        "@types/jquery": "^3.5.21",
        "@types/mustache": "^4.2.3"
      }
    },
    "node_modules/@types/backbone": {
      "version": "1.4.16",
      "resolved": "https://registry.npmjs.org/@types/backbone/-/backbone-1.4.16.tgz",
      "integrity": "sha512-B8YUDWJ+JIMrTLZQF9VG0YuWX4h7dPqbYEGsT8+69YC9BdxplY0aNR5r2WFUh9eb9JnDEQv23HqgPD/wODRcFQ==",
      "dev": true,
      "dependencies": {
        "@types/jquery": "*",
        "@types/underscore": "*"
      }
    },
    "node_modules/@types/jquery": {
      "version": "3.5.21",
      "resolved": "https://registry.npmjs.org/@types/jquery/-/jquery-3.5.21.tgz",
      "integrity": "sha512-BgCalH4OX2JcjbnD9E86L+WeN6IcCGZle+Iy0I6eOMuraAfcMb0Z1x9E51rC2Dqq+m8KexEoDBW6GIJxUPmLEg==",
      "dev": true,
      "dependencies": {
        "@types/sizzle": "*"
      }
    },
    "node_modules/@types/mustache": {
      "version": "4.2.3",
      "resolved": "https://registry.npmjs.org/@types/mustache/-/mustache-4.2.3.tgz",
      "integrity": "sha512-MG+oI3oelPKLN2gpkel08v6Tp6zU2zZQRq+eSpRsFtLNTd2kxZolOHQTmQQs0wqXTLOqs+ri3tRUaagH5u0quw==",
      "dev": true
    },
    "node_modules/@types/sizzle": {
      "version": "2.3.3",
      "resolved": "https://registry.npmjs.org/@types/sizzle/-/sizzle-2.3.3.tgz",
      "integrity": "sha512-JYM8x9EGF163bEyhdJBpR2QX1R5naCJHC8ucJylJ3w9/CVBaskdQ8WqBf8MmQrd1kRvp/a4TS8HJ+bxzR7ZJYQ==",
      "dev": true
    },
    "node_modules/@types/underscore": {
      "version": "1.11.4",
      "resolved": "https://registry.npmjs.org/@types/underscore/-/underscore-1.11.4.tgz",
      "integrity": "sha512-uO4CD2ELOjw8tasUrAhvnn2W4A0ZECOvMjCivJr4gA9pGgjv+qxKWY9GLTMVEK8ej85BxQOocUyE7hImmSQYcg==",
      "dev": true
    }
  }
}
