{
  "name": "scatter.fm",
  "lockfileVersion": 3,
  "requires": true,
  "packages": {
    "": {
      "license": "MIT",
      "devDependencies": {
        "@types/backbone": "^1.4.17",
        "@types/jquery": "^3.5.25",
        "@types/mustache": "^4.2.4"
      }
    },
    "node_modules/@types/backbone": {
      "version": "1.4.23",
      "resolved": "https://registry.npmjs.org/@types/backbone/-/backbone-1.4.23.tgz",
      "integrity": "sha512-B/hN/DAJdWFOusEkEoa5xgfVuxJJPOR/6JQ2uwURPDyKL24PuC76IR6EcSRJ6lvGWtxHRQYMJQhJYm6KpMDtGQ==",
      "dev": true,
      "license": "MIT",
      "dependencies": {
        "@types/jquery": "*",
        "@types/underscore": "*"
      }
    },
    "node_modules/@types/jquery": {
      "version": "3.5.32",
      "resolved": "https://registry.npmjs.org/@types/jquery/-/jquery-3.5.32.tgz",
      "integrity": "sha512-b9Xbf4CkMqS02YH8zACqN1xzdxc3cO735Qe5AbSUFmyOiaWAbcpqh9Wna+Uk0vgACvoQHpWDg2rGdHkYPLmCiQ==",
      "dev": true,
      "license": "MIT",
      "dependencies": {
        "@types/sizzle": "*"
      }
    },
    "node_modules/@types/mustache": {
      "version": "4.2.6",
      "resolved": "https://registry.npmjs.org/@types/mustache/-/mustache-4.2.6.tgz",
      "integrity": "sha512-t+8/QWTAhOFlrF1IVZqKnMRJi84EgkIK5Kh0p2JV4OLywUvCwJPFxbJAl7XAow7DVIHsF+xW9f1MVzg0L6Szjw==",
      "dev": true,
      "license": "MIT"
    },
    "node_modules/@types/sizzle": {
      "version": "2.3.3",
      "resolved": "https://registry.npmjs.org/@types/sizzle/-/sizzle-2.3.3.tgz",
      "integrity": "sha512-JYM8x9EGF163bEyhdJBpR2QX1R5naCJHC8ucJylJ3w9/CVBaskdQ8WqBf8MmQrd1kRvp/a4TS8HJ+bxzR7ZJYQ==",
      "dev": true
    },
    "node_modules/@types/underscore": {
      "version": "1.11.4",
      "resolved": "https://registry.npmjs.org/@types/underscore/-/underscore-1.11.4.tgz",
      "integrity": "sha512-uO4CD2ELOjw8tasUrAhvnn2W4A0ZECOvMjCivJr4gA9pGgjv+qxKWY9GLTMVEK8ej85BxQOocUyE7hImmSQYcg==",
      "dev": true
    }
  }
}
